// !$*UTF8*$!
{
	archiveVersion = 1;
	classes = {
	};
	objectVersion = 56;
	objects = {

/* Begin PBXBuildFile section */
		1D2ADD4428DFF52B00C4ACD7 /* GameReadyView.swift in Sources */ = {isa = PBXBuildFile; fileRef = 1D2ADD4328DFF52B00C4ACD7 /* GameReadyView.swift */; };
		1D2ADD4728DFF93900C4ACD7 /* SPIndicator in Frameworks */ = {isa = PBXBuildFile; productRef = 1D2ADD4628DFF93900C4ACD7 /* SPIndicator */; };
		1D2ADD4928E005FD00C4ACD7 /* SFWebViewRepresentable.swift in Sources */ = {isa = PBXBuildFile; fileRef = 1D2ADD4828E005FD00C4ACD7 /* SFWebViewRepresentable.swift */; };
		1D8597EE28DF865B007D8751 /* FRC_ScoutingApp.swift in Sources */ = {isa = PBXBuildFile; fileRef = 1D8597ED28DF865B007D8751 /* FRC_ScoutingApp.swift */; };
		1D8597F028DF865B007D8751 /* AutoView.swift in Sources */ = {isa = PBXBuildFile; fileRef = 1D8597EF28DF865B007D8751 /* AutoView.swift */; };
		1D8597F228DF865D007D8751 /* Assets.xcassets in Resources */ = {isa = PBXBuildFile; fileRef = 1D8597F128DF865D007D8751 /* Assets.xcassets */; };
		1D8597F528DF865D007D8751 /* Preview Assets.xcassets in Resources */ = {isa = PBXBuildFile; fileRef = 1D8597F428DF865D007D8751 /* Preview Assets.xcassets */; };
		1D8597FE28DF8A24007D8751 /* ContentView.swift in Sources */ = {isa = PBXBuildFile; fileRef = 1D8597FD28DF8A24007D8751 /* ContentView.swift */; };
		1D85980028DF8D85007D8751 /* AppDelegate.swift in Sources */ = {isa = PBXBuildFile; fileRef = 1D8597FF28DF8D85007D8751 /* AppDelegate.swift */; };
		1D85980528DF8E62007D8751 /* TeleopView.swift in Sources */ = {isa = PBXBuildFile; fileRef = 1D85980428DF8E62007D8751 /* TeleopView.swift */; };
		1D85980728DF8F7F007D8751 /* PostMatchView.swift in Sources */ = {isa = PBXBuildFile; fileRef = 1D85980628DF8F7F007D8751 /* PostMatchView.swift */; };
		1D85980928DF9340007D8751 /* ClimberPosition.swift in Sources */ = {isa = PBXBuildFile; fileRef = 1D85980828DF9340007D8751 /* ClimberPosition.swift */; };
/* End PBXBuildFile section */

/* Begin PBXFileReference section */
		1D2ADD4328DFF52B00C4ACD7 /* GameReadyView.swift */ = {isa = PBXFileReference; lastKnownFileType = sourcecode.swift; path = GameReadyView.swift; sourceTree = "<group>"; };
		1D2ADD4828E005FD00C4ACD7 /* SFWebViewRepresentable.swift */ = {isa = PBXFileReference; lastKnownFileType = sourcecode.swift; path = SFWebViewRepresentable.swift; sourceTree = "<group>"; };
		1D8597EA28DF865B007D8751 /* FRC Scouting.app */ = {isa = PBXFileReference; explicitFileType = wrapper.application; includeInIndex = 0; path = "FRC Scouting.app"; sourceTree = BUILT_PRODUCTS_DIR; };
		1D8597ED28DF865B007D8751 /* FRC_ScoutingApp.swift */ = {isa = PBXFileReference; lastKnownFileType = sourcecode.swift; path = FRC_ScoutingApp.swift; sourceTree = "<group>"; };
		1D8597EF28DF865B007D8751 /* AutoView.swift */ = {isa = PBXFileReference; lastKnownFileType = sourcecode.swift; path = AutoView.swift; sourceTree = "<group>"; };
		1D8597F128DF865D007D8751 /* Assets.xcassets */ = {isa = PBXFileReference; lastKnownFileType = folder.assetcatalog; path = Assets.xcassets; sourceTree = "<group>"; };
		1D8597F428DF865D007D8751 /* Preview Assets.xcassets */ = {isa = PBXFileReference; lastKnownFileType = folder.assetcatalog; path = "Preview Assets.xcassets"; sourceTree = "<group>"; };
		1D8597FD28DF8A24007D8751 /* ContentView.swift */ = {isa = PBXFileReference; lastKnownFileType = sourcecode.swift; path = ContentView.swift; sourceTree = "<group>"; };
		1D8597FF28DF8D85007D8751 /* AppDelegate.swift */ = {isa = PBXFileReference; lastKnownFileType = sourcecode.swift; path = AppDelegate.swift; sourceTree = "<group>"; };
		1D85980428DF8E62007D8751 /* TeleopView.swift */ = {isa = PBXFileReference; lastKnownFileType = sourcecode.swift; path = TeleopView.swift; sourceTree = "<group>"; };
		1D85980628DF8F7F007D8751 /* PostMatchView.swift */ = {isa = PBXFileReference; lastKnownFileType = sourcecode.swift; path = PostMatchView.swift; sourceTree = "<group>"; };
		1D85980828DF9340007D8751 /* ClimberPosition.swift */ = {isa = PBXFileReference; lastKnownFileType = sourcecode.swift; path = ClimberPosition.swift; sourceTree = "<group>"; };
		1DFF9D5D28E0AAF300CF1DCB /* FRC-Scouting-Info.plist */ = {isa = PBXFileReference; lastKnownFileType = text.plist; path = "FRC-Scouting-Info.plist"; sourceTree = SOURCE_ROOT; };
/* End PBXFileReference section */

/* Begin PBXFrameworksBuildPhase section */
		1D8597E728DF865B007D8751 /* Frameworks */ = {
			isa = PBXFrameworksBuildPhase;
			buildActionMask = 2147483647;
			files = (
				1D2ADD4728DFF93900C4ACD7 /* SPIndicator in Frameworks */,
			);
			runOnlyForDeploymentPostprocessing = 0;
		};
/* End PBXFrameworksBuildPhase section */

/* Begin PBXGroup section */
		1D8597E128DF865B007D8751 = {
			isa = PBXGroup;
			children = (
				1D8597EC28DF865B007D8751 /* FRC Scouting */,
				1D8597EB28DF865B007D8751 /* Products */,
			);
			sourceTree = "<group>";
		};
		1D8597EB28DF865B007D8751 /* Products */ = {
			isa = PBXGroup;
			children = (
				1D8597EA28DF865B007D8751 /* FRC Scouting.app */,
			);
			name = Products;
			sourceTree = "<group>";
		};
		1D8597EC28DF865B007D8751 /* FRC Scouting */ = {
			isa = PBXGroup;
			children = (
				1DFF9D5D28E0AAF300CF1DCB /* FRC-Scouting-Info.plist */,
				1D85980128DF8E37007D8751 /* Application */,
				1D8597FD28DF8A24007D8751 /* ContentView.swift */,
				1D2ADD4328DFF52B00C4ACD7 /* GameReadyView.swift */,
				1D8597EF28DF865B007D8751 /* AutoView.swift */,
				1D85980428DF8E62007D8751 /* TeleopView.swift */,
				1D85980628DF8F7F007D8751 /* PostMatchView.swift */,
				1D85980828DF9340007D8751 /* ClimberPosition.swift */,
				1D2ADD4828E005FD00C4ACD7 /* SFWebViewRepresentable.swift */,
				1D8597F128DF865D007D8751 /* Assets.xcassets */,
				1D8597F328DF865D007D8751 /* Preview Content */,
			);
			path = "FRC Scouting";
			sourceTree = "<group>";
		};
		1D8597F328DF865D007D8751 /* Preview Content */ = {
			isa = PBXGroup;
			children = (
				1D8597F428DF865D007D8751 /* Preview Assets.xcassets */,
			);
			path = "Preview Content";
			sourceTree = "<group>";
		};
		1D85980128DF8E37007D8751 /* Application */ = {
			isa = PBXGroup;
			children = (
				1D8597ED28DF865B007D8751 /* FRC_ScoutingApp.swift */,
				1D8597FF28DF8D85007D8751 /* AppDelegate.swift */,
			);
			path = Application;
			sourceTree = "<group>";
		};
/* End PBXGroup section */

/* Begin PBXNativeTarget section */
		1D8597E928DF865B007D8751 /* FRC Scouting */ = {
			isa = PBXNativeTarget;
			buildConfigurationList = 1D8597F828DF865D007D8751 /* Build configuration list for PBXNativeTarget "FRC Scouting" */;
			buildPhases = (
				1D8597E628DF865B007D8751 /* Sources */,
				1D8597E728DF865B007D8751 /* Frameworks */,
				1D8597E828DF865B007D8751 /* Resources */,
			);
			buildRules = (
			);
			dependencies = (
			);
			name = "FRC Scouting";
			packageProductDependencies = (
				1D2ADD4628DFF93900C4ACD7 /* SPIndicator */,
			);
			productName = "FRC Scouting";
			productReference = 1D8597EA28DF865B007D8751 /* FRC Scouting.app */;
			productType = "com.apple.product-type.application";
		};
/* End PBXNativeTarget section */

/* Begin PBXProject section */
		1D8597E228DF865B007D8751 /* Project object */ = {
			isa = PBXProject;
			attributes = {
				BuildIndependentTargetsInParallel = 1;
				LastSwiftUpdateCheck = 1400;
				LastUpgradeCheck = 1400;
				TargetAttributes = {
					1D8597E928DF865B007D8751 = {
						CreatedOnToolsVersion = 14.0;
					};
				};
			};
			buildConfigurationList = 1D8597E528DF865B007D8751 /* Build configuration list for PBXProject "FRC Scouting" */;
			compatibilityVersion = "Xcode 14.0";
			developmentRegion = en;
			hasScannedForEncodings = 0;
			knownRegions = (
				en,
				Base,
			);
			mainGroup = 1D8597E128DF865B007D8751;
			packageReferences = (
				1D2ADD4528DFF93900C4ACD7 /* XCRemoteSwiftPackageReference "SPIndicator" */,
			);
			productRefGroup = 1D8597EB28DF865B007D8751 /* Products */;
			projectDirPath = "";
			projectRoot = "";
			targets = (
				1D8597E928DF865B007D8751 /* FRC Scouting */,
			);
		};
/* End PBXProject section */

/* Begin PBXResourcesBuildPhase section */
		1D8597E828DF865B007D8751 /* Resources */ = {
			isa = PBXResourcesBuildPhase;
			buildActionMask = 2147483647;
			files = (
				1D8597F528DF865D007D8751 /* Preview Assets.xcassets in Resources */,
				1D8597F228DF865D007D8751 /* Assets.xcassets in Resources */,
			);
			runOnlyForDeploymentPostprocessing = 0;
		};
/* End PBXResourcesBuildPhase section */

/* Begin PBXSourcesBuildPhase section */
		1D8597E628DF865B007D8751 /* Sources */ = {
			isa = PBXSourcesBuildPhase;
			buildActionMask = 2147483647;
			files = (
				1D2ADD4428DFF52B00C4ACD7 /* GameReadyView.swift in Sources */,
				1D2ADD4928E005FD00C4ACD7 /* SFWebViewRepresentable.swift in Sources */,
				1D85980728DF8F7F007D8751 /* PostMatchView.swift in Sources */,
				1D85980028DF8D85007D8751 /* AppDelegate.swift in Sources */,
				1D8597F028DF865B007D8751 /* AutoView.swift in Sources */,
				1D8597EE28DF865B007D8751 /* FRC_ScoutingApp.swift in Sources */,
				1D85980528DF8E62007D8751 /* TeleopView.swift in Sources */,
				1D85980928DF9340007D8751 /* ClimberPosition.swift in Sources */,
				1D8597FE28DF8A24007D8751 /* ContentView.swift in Sources */,
			);
			runOnlyForDeploymentPostprocessing = 0;
		};
/* End PBXSourcesBuildPhase section */

/* Begin XCBuildConfiguration section */
		1D8597F628DF865D007D8751 /* Debug */ = {
			isa = XCBuildConfiguration;
			buildSettings = {
				ALWAYS_SEARCH_USER_PATHS = NO;
				CLANG_ANALYZER_NONNULL = YES;
				CLANG_ANALYZER_NUMBER_OBJECT_CONVERSION = YES_AGGRESSIVE;
				CLANG_CXX_LANGUAGE_STANDARD = "gnu++20";
				CLANG_ENABLE_MODULES = YES;
				CLANG_ENABLE_OBJC_ARC = YES;
				CLANG_ENABLE_OBJC_WEAK = YES;
				CLANG_WARN_BLOCK_CAPTURE_AUTORELEASING = YES;
				CLANG_WARN_BOOL_CONVERSION = YES;
				CLANG_WARN_COMMA = YES;
				CLANG_WARN_CONSTANT_CONVERSION = YES;
				CLANG_WARN_DEPRECATED_OBJC_IMPLEMENTATIONS = YES;
				CLANG_WARN_DIRECT_OBJC_ISA_USAGE = YES_ERROR;
				CLANG_WARN_DOCUMENTATION_COMMENTS = YES;
				CLANG_WARN_EMPTY_BODY = YES;
				CLANG_WARN_ENUM_CONVERSION = YES;
				CLANG_WARN_INFINITE_RECURSION = YES;
				CLANG_WARN_INT_CONVERSION = YES;
				CLANG_WARN_NON_LITERAL_NULL_CONVERSION = YES;
				CLANG_WARN_OBJC_IMPLICIT_RETAIN_SELF = YES;
				CLANG_WARN_OBJC_LITERAL_CONVERSION = YES;
				CLANG_WARN_OBJC_ROOT_CLASS = YES_ERROR;
				CLANG_WARN_QUOTED_INCLUDE_IN_FRAMEWORK_HEADER = YES;
				CLANG_WARN_RANGE_LOOP_ANALYSIS = YES;
				CLANG_WARN_STRICT_PROTOTYPES = YES;
				CLANG_WARN_SUSPICIOUS_MOVE = YES;
				CLANG_WARN_UNGUARDED_AVAILABILITY = YES_AGGRESSIVE;
				CLANG_WARN_UNREACHABLE_CODE = YES;
				CLANG_WARN__DUPLICATE_METHOD_MATCH = YES;
				COPY_PHASE_STRIP = NO;
				DEBUG_INFORMATION_FORMAT = dwarf;
				ENABLE_STRICT_OBJC_MSGSEND = YES;
				ENABLE_TESTABILITY = YES;
				GCC_C_LANGUAGE_STANDARD = gnu11;
				GCC_DYNAMIC_NO_PIC = NO;
				GCC_NO_COMMON_BLOCKS = YES;
				GCC_OPTIMIZATION_LEVEL = 0;
				GCC_PREPROCESSOR_DEFINITIONS = (
					"DEBUG=1",
					"$(inherited)",
				);
				GCC_WARN_64_TO_32_BIT_CONVERSION = YES;
				GCC_WARN_ABOUT_RETURN_TYPE = YES_ERROR;
				GCC_WARN_UNDECLARED_SELECTOR = YES;
				GCC_WARN_UNINITIALIZED_AUTOS = YES_AGGRESSIVE;
				GCC_WARN_UNUSED_FUNCTION = YES;
				GCC_WARN_UNUSED_VARIABLE = YES;
				IPHONEOS_DEPLOYMENT_TARGET = 16.0;
				MTL_ENABLE_DEBUG_INFO = INCLUDE_SOURCE;
				MTL_FAST_MATH = YES;
				ONLY_ACTIVE_ARCH = YES;
				SDKROOT = iphoneos;
				SWIFT_ACTIVE_COMPILATION_CONDITIONS = DEBUG;
				SWIFT_OPTIMIZATION_LEVEL = "-Onone";
			};
			name = Debug;
		};
		1D8597F728DF865D007D8751 /* Release */ = {
			isa = XCBuildConfiguration;
			buildSettings = {
				ALWAYS_SEARCH_USER_PATHS = NO;
				CLANG_ANALYZER_NONNULL = YES;
				CLANG_ANALYZER_NUMBER_OBJECT_CONVERSION = YES_AGGRESSIVE;
				CLANG_CXX_LANGUAGE_STANDARD = "gnu++20";
				CLANG_ENABLE_MODULES = YES;
				CLANG_ENABLE_OBJC_ARC = YES;
				CLANG_ENABLE_OBJC_WEAK = YES;
				CLANG_WARN_BLOCK_CAPTURE_AUTORELEASING = YES;
				CLANG_WARN_BOOL_CONVERSION = YES;
				CLANG_WARN_COMMA = YES;
				CLANG_WARN_CONSTANT_CONVERSION = YES;
				CLANG_WARN_DEPRECATED_OBJC_IMPLEMENTATIONS = YES;
				CLANG_WARN_DIRECT_OBJC_ISA_USAGE = YES_ERROR;
				CLANG_WARN_DOCUMENTATION_COMMENTS = YES;
				CLANG_WARN_EMPTY_BODY = YES;
				CLANG_WARN_ENUM_CONVERSION = YES;
				CLANG_WARN_INFINITE_RECURSION = YES;
				CLANG_WARN_INT_CONVERSION = YES;
				CLANG_WARN_NON_LITERAL_NULL_CONVERSION = YES;
				CLANG_WARN_OBJC_IMPLICIT_RETAIN_SELF = YES;
				CLANG_WARN_OBJC_LITERAL_CONVERSION = YES;
				CLANG_WARN_OBJC_ROOT_CLASS = YES_ERROR;
				CLANG_WARN_QUOTED_INCLUDE_IN_FRAMEWORK_HEADER = YES;
				CLANG_WARN_RANGE_LOOP_ANALYSIS = YES;
				CLANG_WARN_STRICT_PROTOTYPES = YES;
				CLANG_WARN_SUSPICIOUS_MOVE = YES;
				CLANG_WARN_UNGUARDED_AVAILABILITY = YES_AGGRESSIVE;
				CLANG_WARN_UNREACHABLE_CODE = YES;
				CLANG_WARN__DUPLICATE_METHOD_MATCH = YES;
				COPY_PHASE_STRIP = NO;
				DEBUG_INFORMATION_FORMAT = "dwarf-with-dsym";
				ENABLE_NS_ASSERTIONS = NO;
				ENABLE_STRICT_OBJC_MSGSEND = YES;
				GCC_C_LANGUAGE_STANDARD = gnu11;
				GCC_NO_COMMON_BLOCKS = YES;
				GCC_WARN_64_TO_32_BIT_CONVERSION = YES;
				GCC_WARN_ABOUT_RETURN_TYPE = YES_ERROR;
				GCC_WARN_UNDECLARED_SELECTOR = YES;
				GCC_WARN_UNINITIALIZED_AUTOS = YES_AGGRESSIVE;
				GCC_WARN_UNUSED_FUNCTION = YES;
				GCC_WARN_UNUSED_VARIABLE = YES;
				IPHONEOS_DEPLOYMENT_TARGET = 16.0;
				MTL_ENABLE_DEBUG_INFO = NO;
				MTL_FAST_MATH = YES;
				SDKROOT = iphoneos;
				SWIFT_COMPILATION_MODE = wholemodule;
				SWIFT_OPTIMIZATION_LEVEL = "-O";
				VALIDATE_PRODUCT = YES;
			};
			name = Release;
		};
		1D8597F928DF865D007D8751 /* Debug */ = {
			isa = XCBuildConfiguration;
			buildSettings = {
				ASSETCATALOG_COMPILER_APPICON_NAME = AppIcon;
				ASSETCATALOG_COMPILER_GLOBAL_ACCENT_COLOR_NAME = AccentColor;
				CODE_SIGN_STYLE = Automatic;
				CURRENT_PROJECT_VERSION = 4;
				DEVELOPMENT_ASSET_PATHS = "\"FRC Scouting/Preview Content\"";
				DEVELOPMENT_TEAM = B4MZRFLMLS;
				ENABLE_PREVIEWS = YES;
				GENERATE_INFOPLIST_FILE = YES;
				INFOPLIST_FILE = "FRC-Scouting-Info.plist";
				INFOPLIST_KEY_CFBundleDisplayName = Scouting;
				INFOPLIST_KEY_UIApplicationSceneManifest_Generation = YES;
				INFOPLIST_KEY_UIApplicationSupportsIndirectInputEvents = YES;
				INFOPLIST_KEY_UILaunchScreen_Generation = YES;
				INFOPLIST_KEY_UISupportedInterfaceOrientations = "UIInterfaceOrientationLandscapeLeft UIInterfaceOrientationLandscapeRight UIInterfaceOrientationPortrait";
				INFOPLIST_KEY_UISupportedInterfaceOrientations_iPad = "UIInterfaceOrientationLandscapeLeft UIInterfaceOrientationLandscapeRight UIInterfaceOrientationPortrait UIInterfaceOrientationPortraitUpsideDown";
				IPHONEOS_DEPLOYMENT_TARGET = 15.0;
				LD_RUNPATH_SEARCH_PATHS = (
					"$(inherited)",
					"@executable_path/Frameworks",
				);
				MARKETING_VERSION = 1.3;
				PRODUCT_BUNDLE_IDENTIFIER = "com.jacobtrentini.FRC-Scouting";
				PRODUCT_NAME = "$(TARGET_NAME)";
				SUPPORTED_PLATFORMS = "iphoneos iphonesimulator";
				SUPPORTS_MACCATALYST = NO;
				SUPPORTS_MAC_DESIGNED_FOR_IPHONE_IPAD = NO;
				SWIFT_EMIT_LOC_STRINGS = YES;
				SWIFT_VERSION = 5.0;
				TARGETED_DEVICE_FAMILY = 1;
			};
			name = Debug;
		};
		1D8597FA28DF865D007D8751 /* Release */ = {
			isa = XCBuildConfiguration;
			buildSettings = {
				ASSETCATALOG_COMPILER_APPICON_NAME = AppIcon;
				ASSETCATALOG_COMPILER_GLOBAL_ACCENT_COLOR_NAME = AccentColor;
				CODE_SIGN_STYLE = Automatic;
				CURRENT_PROJECT_VERSION = 4;
				DEVELOPMENT_ASSET_PATHS = "\"FRC Scouting/Preview Content\"";
				DEVELOPMENT_TEAM = B4MZRFLMLS;
				ENABLE_PREVIEWS = YES;
				GENERATE_INFOPLIST_FILE = YES;
				INFOPLIST_FILE = "FRC-Scouting-Info.plist";
				INFOPLIST_KEY_CFBundleDisplayName = Scouting;
				INFOPLIST_KEY_UIApplicationSceneManifest_Generation = YES;
				INFOPLIST_KEY_UIApplicationSupportsIndirectInputEvents = YES;
				INFOPLIST_KEY_UILaunchScreen_Generation = YES;
				INFOPLIST_KEY_UISupportedInterfaceOrientations = "UIInterfaceOrientationLandscapeLeft UIInterfaceOrientationLandscapeRight UIInterfaceOrientationPortrait";
				INFOPLIST_KEY_UISupportedInterfaceOrientations_iPad = "UIInterfaceOrientationLandscapeLeft UIInterfaceOrientationLandscapeRight UIInterfaceOrientationPortrait UIInterfaceOrientationPortraitUpsideDown";
				IPHONEOS_DEPLOYMENT_TARGET = 15.0;
				LD_RUNPATH_SEARCH_PATHS = (
					"$(inherited)",
					"@executable_path/Frameworks",
				);
				MARKETING_VERSION = 1.3;
				PRODUCT_BUNDLE_IDENTIFIER = "com.jacobtrentini.FRC-Scouting";
				PRODUCT_NAME = "$(TARGET_NAME)";
				SUPPORTED_PLATFORMS = "iphoneos iphonesimulator";
				SUPPORTS_MACCATALYST = NO;
				SUPPORTS_MAC_DESIGNED_FOR_IPHONE_IPAD = NO;
				SWIFT_EMIT_LOC_STRINGS = YES;
				SWIFT_VERSION = 5.0;
				TARGETED_DEVICE_FAMILY = 1;
			};
			name = Release;
		};
/* End XCBuildConfiguration section */

/* Begin XCConfigurationList section */
		1D8597E528DF865B007D8751 /* Build configuration list for PBXProject "FRC Scouting" */ = {
			isa = XCConfigurationList;
			buildConfigurations = (
				1D8597F628DF865D007D8751 /* Debug */,
				1D8597F728DF865D007D8751 /* Release */,
			);
			defaultConfigurationIsVisible = 0;
			defaultConfigurationName = Release;
		};
		1D8597F828DF865D007D8751 /* Build configuration list for PBXNativeTarget "FRC Scouting" */ = {
			isa = XCConfigurationList;
			buildConfigurations = (
				1D8597F928DF865D007D8751 /* Debug */,
				1D8597FA28DF865D007D8751 /* Release */,
			);
			defaultConfigurationIsVisible = 0;
			defaultConfigurationName = Release;
		};
/* End XCConfigurationList section */

/* Begin XCRemoteSwiftPackageReference section */
		1D2ADD4528DFF93900C4ACD7 /* XCRemoteSwiftPackageReference "SPIndicator" */ = {
			isa = XCRemoteSwiftPackageReference;
			repositoryURL = "https://github.com/ivanvorobei/SPIndicator";
			requirement = {
				branch = main;
				kind = branch;
			};
		};
/* End XCRemoteSwiftPackageReference section */

/* Begin XCSwiftPackageProductDependency section */
		1D2ADD4628DFF93900C4ACD7 /* SPIndicator */ = {
			isa = XCSwiftPackageProductDependency;
			package = 1D2ADD4528DFF93900C4ACD7 /* XCRemoteSwiftPackageReference "SPIndicator" */;
			productName = SPIndicator;
		};
/* End XCSwiftPackageProductDependency section */
	};
	rootObject = 1D8597E228DF865B007D8751 /* Project object */;
}
